
Microsoft Visual Studio Solution File, Format Version 12.00
# Visual Studio 15
VisualStudioVersion = 15.0.28307.852
MinimumVisualStudioVersion = 10.0.40219.1
Project("{FAE04EC0-301F-11D3-BF4B-00C04F79EFBC}") = "Aleatorio", "Aleatorio\Aleatorio.csproj", "{05704068-FF77-449F-832B-C8239083CAA6}"
EndProject
Global
	GlobalSection(SolutionConfigurationPlatforms) = preSolution
		Debug|Any CPU = Debug|Any CPU
		Release|Any CPU = Release|Any CPU
	EndGlobalSection
	GlobalSection(ProjectConfigurationPlatforms) = postSolution
		{05704068-FF77-449F-832B-C8239083CAA6}.Debug|Any CPU.ActiveCfg = Debug|Any CPU
		{05704068-FF77-449F-832B-C8239083CAA6}.Debug|Any CPU.Build.0 = Debug|Any CPU
		{05704068-FF77-449F-832B-C8239083CAA6}.Release|Any CPU.ActiveCfg = Release|Any CPU
		{05704068-FF77-449F-832B-C8239083CAA6}.Release|Any CPU.Build.0 = Release|Any CPU
	EndGlobalSection
	GlobalSection(SolutionProperties) = preSolution
		HideSolutionNode = FALSE
	EndGlobalSection
	GlobalSection(ExtensibilityGlobals) = postSolution
		SolutionGuid = {0AA5AEDE-F0C8-44CE-AF11-40EB931C1C6F}
	EndGlobalSection
EndGlobal
